
Microsoft Visual Studio Solution File, Format Version 12.00
# Visual Studio Version 17
VisualStudioVersion = 17.11.35327.3
MinimumVisualStudioVersion = 10.0.40219.1
Project("{9A19103F-16F7-4668-BE54-9A1E7A4F7556}") = "WebApp", "WebApp\WebApp.csproj", "{CCC26F64-D70C-4FA9-ABDB-3BC1529BCC21}"
EndProject
Project("{9A19103F-16F7-4668-BE54-9A1E7A4F7556}") = "DataAccessLayer", "DataAccessLayer\DataAccessLayer.csproj", "{B0EBF460-D61C-4FCF-9561-7961BE1D5919}"
EndProject
Project("{9A19103F-16F7-4668-BE54-9A1E7A4F7556}") = "Repositories", "Repositories\Repositories.csproj", "{B93C69B0-97BA-473A-8CA8-6213B64FD2B4}"
EndProject
Project("{9A19103F-16F7-4668-BE54-9A1E7A4F7556}") = "BusinessLayer", "BusinessLayer\BusinessLayer.csproj", "{E0F7659F-8C16-49E5-824B-276D928309B1}"
EndProject
Project("{9A19103F-16F7-4668-BE54-9A1E7A4F7556}") = "ViewModels", "ViewModels\ViewModels.csproj", "{88F414E9-6996-4E75-B591-F9255F89E08B}"
EndProject
Project("{9A19103F-16F7-4668-BE54-9A1E7A4F7556}") = "DBFirstDataAccessLayer", "DBFirstDataAccessLayer\DBFirstDataAccessLayer.csproj", "{D7BA9133-FBAB-44E8-B39F-C57F381E8768}"
EndProject
Project("{FAE04EC0-301F-11D3-BF4B-00C04F79EFBC}") = "WebAPI", "WebAPI\WebAPI.csproj", "{3F1215C2-137C-4E3D-B79E-640E5A602935}"
EndProject
Global
	GlobalSection(SolutionConfigurationPlatforms) = preSolution
		Debug|Any CPU = Debug|Any CPU
		Release|Any CPU = Release|Any CPU
	EndGlobalSection
	GlobalSection(ProjectConfigurationPlatforms) = postSolution
		{CCC26F64-D70C-4FA9-ABDB-3BC1529BCC21}.Debug|Any CPU.ActiveCfg = Debug|Any CPU
		{CCC26F64-D70C-4FA9-ABDB-3BC1529BCC21}.Debug|Any CPU.Build.0 = Debug|Any CPU
		{CCC26F64-D70C-4FA9-ABDB-3BC1529BCC21}.Release|Any CPU.ActiveCfg = Release|Any CPU
		{CCC26F64-D70C-4FA9-ABDB-3BC1529BCC21}.Release|Any CPU.Build.0 = Release|Any CPU
		{B0EBF460-D61C-4FCF-9561-7961BE1D5919}.Debug|Any CPU.ActiveCfg = Debug|Any CPU
		{B0EBF460-D61C-4FCF-9561-7961BE1D5919}.Debug|Any CPU.Build.0 = Debug|Any CPU
		{B0EBF460-D61C-4FCF-9561-7961BE1D5919}.Release|Any CPU.ActiveCfg = Release|Any CPU
		{B0EBF460-D61C-4FCF-9561-7961BE1D5919}.Release|Any CPU.Build.0 = Release|Any CPU
		{B93C69B0-97BA-473A-8CA8-6213B64FD2B4}.Debug|Any CPU.ActiveCfg = Debug|Any CPU
		{B93C69B0-97BA-473A-8CA8-6213B64FD2B4}.Debug|Any CPU.Build.0 = Debug|Any CPU
		{B93C69B0-97BA-473A-8CA8-6213B64FD2B4}.Release|Any CPU.ActiveCfg = Release|Any CPU
		{B93C69B0-97BA-473A-8CA8-6213B64FD2B4}.Release|Any CPU.Build.0 = Release|Any CPU
		{E0F7659F-8C16-49E5-824B-276D928309B1}.Debug|Any CPU.ActiveCfg = Debug|Any CPU
		{E0F7659F-8C16-49E5-824B-276D928309B1}.Debug|Any CPU.Build.0 = Debug|Any CPU
		{E0F7659F-8C16-49E5-824B-276D928309B1}.Release|Any CPU.ActiveCfg = Release|Any CPU
		{E0F7659F-8C16-49E5-824B-276D928309B1}.Release|Any CPU.Build.0 = Release|Any CPU
		{88F414E9-6996-4E75-B591-F9255F89E08B}.Debug|Any CPU.ActiveCfg = Debug|Any CPU
		{88F414E9-6996-4E75-B591-F9255F89E08B}.Debug|Any CPU.Build.0 = Debug|Any CPU
		{88F414E9-6996-4E75-B591-F9255F89E08B}.Release|Any CPU.ActiveCfg = Release|Any CPU
		{88F414E9-6996-4E75-B591-F9255F89E08B}.Release|Any CPU.Build.0 = Release|Any CPU
		{D7BA9133-FBAB-44E8-B39F-C57F381E8768}.Debug|Any CPU.ActiveCfg = Debug|Any CPU
		{D7BA9133-FBAB-44E8-B39F-C57F381E8768}.Debug|Any CPU.Build.0 = Debug|Any CPU
		{D7BA9133-FBAB-44E8-B39F-C57F381E8768}.Release|Any CPU.ActiveCfg = Release|Any CPU
		{D7BA9133-FBAB-44E8-B39F-C57F381E8768}.Release|Any CPU.Build.0 = Release|Any CPU
		{3F1215C2-137C-4E3D-B79E-640E5A602935}.Debug|Any CPU.ActiveCfg = Debug|Any CPU
		{3F1215C2-137C-4E3D-B79E-640E5A602935}.Debug|Any CPU.Build.0 = Debug|Any CPU
		{3F1215C2-137C-4E3D-B79E-640E5A602935}.Release|Any CPU.ActiveCfg = Release|Any CPU
		{3F1215C2-137C-4E3D-B79E-640E5A602935}.Release|Any CPU.Build.0 = Release|Any CPU
	EndGlobalSection
	GlobalSection(SolutionProperties) = preSolution
		HideSolutionNode = FALSE
	EndGlobalSection
	GlobalSection(ExtensibilityGlobals) = postSolution
		SolutionGuid = {281428BA-924A-4D6F-800B-2B4991AAD888}
	EndGlobalSection
EndGlobal
